
Microsoft Visual Studio Solution File, Format Version 12.00
# Visual Studio Version 16
VisualStudioVersion = 16.0.30717.126
MinimumVisualStudioVersion = 10.0.40219.1
Project("{9A19103F-16F7-4668-BE54-9A1E7A4F7556}") = "Gmlu.Demo.Web", "Gmlu.Demo.Web\Gmlu.Demo.Web.csproj", "{C0D17561-F80E-4EEF-B072-97BAADA87C60}"
EndProject
Global
	GlobalSection(SolutionConfigurationPlatforms) = preSolution
		Debug|Any CPU = Debug|Any CPU
		Release|Any CPU = Release|Any CPU
	EndGlobalSection
	GlobalSection(ProjectConfigurationPlatforms) = postSolution
		{C0D17561-F80E-4EEF-B072-97BAADA87C60}.Debug|Any CPU.ActiveCfg = Debug|Any CPU
		{C0D17561-F80E-4EEF-B072-97BAADA87C60}.Debug|Any CPU.Build.0 = Debug|Any CPU
		{C0D17561-F80E-4EEF-B072-97BAADA87C60}.Release|Any CPU.ActiveCfg = Release|Any CPU
		{C0D17561-F80E-4EEF-B072-97BAADA87C60}.Release|Any CPU.Build.0 = Release|Any CPU
	EndGlobalSection
	GlobalSection(SolutionProperties) = preSolution
		HideSolutionNode = FALSE
	EndGlobalSection
	GlobalSection(ExtensibilityGlobals) = postSolution
		SolutionGuid = {A6E4E51F-0D6B-4C27-AE7C-ACA7F92DA59B}
	EndGlobalSection
EndGlobal
